{
    "common": {
        "class": "app\\modules\\core\\common\\CommonModule"
    },
    "install": {
        "class": "app\\modules\\core\\install\\InstallModule"
    },
    "passport": {
        "class": "app\\modules\\core\\passport\\PassportModule"
    },
    "admin": {
        "class": "app\\modules\\general\\admin\\AdminModule"
    },
    "agent": {
        "class": "app\\modules\\general\\agent\\AgentModule"
    },
    "dataset": {
        "class": "app\\modules\\general\\dataset\\DatasetModule"
    },
    "deploy": {
        "class": "app\\modules\\general\\deploy\\DeployModule"
    },
    "finance": {
        "class": "app\\modules\\general\\finance\\FinanceModule"
    },
    "member": {
        "class": "app\\modules\\general\\member\\MemberModule"
    },
    "report": {
        "class": "app\\modules\\general\\report\\ReportModule"
    },
    "sysmng": {
        "class": "app\\modules\\general\\sysmng\\SysmngModule"
    },
    "thirdpay": {
        "class": "app\\modules\\general\\thirdpay\\ThirdpayModule"
    },
    "upgrade": {
        "class": "app\\modules\\general\\upgrade\\UpgradeModule"
    },
    "live": {
        "class": "app\\modules\\live\\LiveModule"
    },
    "lotteryodds": {
        "class": "app\\modules\\lottery\\lotteryodds\\LotteryoddsModule"
    },
    "lotteryorder": {
        "class": "app\\modules\\lottery\\lotteryorder\\LotteryorderModule"
    },
    "lotteryresult": {
        "class": "app\\modules\\lottery\\lotteryresult\\LotteryresultModule"
    },
    "spsix": {
        "class": "app\\modules\\spsix\\SpsixModule"
    }
}