{"agentht":{"class":"app\\modules\\agentht\\AgenthtModule"},"common":{"class":"app\\modules\\core\\common\\CommonModule"},"install":{"class":"app\\modules\\core\\install\\InstallModule"},"passport":{"class":"app\\modules\\core\\passport\\PassportModule"},"admin":{"class":"app\\modules\\general\\admin\\AdminModule"},"agent":{"class":"app\\modules\\agent\\AgentModule"},"dataset":{"class":"app\\modules\\dataset\\DatasetModule"},"deploy":{"class":"app\\modules\\general\\deploy\\DeployModule"},"finance":{"class":"app\\modules\\finance\\FinanceModule"},"member":{"class":"app\\modules\\member\\MemberModule"},"message":{"class":"app\\modules\\general\\message\\MessageModule"},"report":{"class":"app\\modules\\general\\report\\ReportModule"},"sysmng":{"class":"app\\modules\\general\\sysmng\\SysmngModule"},"upgrade":{"class":"app\\modules\\general\\upgrade\\UpgradeModule"},"live":{"class":"app\\modules\\live\\LiveModule"},"lotteryodds":{"class":"app\\modules\\lottery\\lotteryodds\\LotteryoddsModule"},"lotteryorder":{"class":"app\\modules\\lottery\\lotteryorder\\LotteryorderModule"},"lotteryresult":{"class":"app\\modules\\lottery\\lotteryresult\\LotteryresultModule"},"six":{"class":"app\\modules\\six\\SixModule"},"spsix":{"class":"app\\modules\\spsix\\SpSixModule"}}