{
    "common": {
        "class": "app\\modules\\core\\common\\CommonModule"
    },
    "passport": {
        "class": "app\\modules\\core\\passport\\PassportModule"
    },
    "site": {
        "class": "app\\modules\\core\\site\\SiteModule"
    },
    "game": {
        "class": "app\\modules\\game\\GameModule"
    },
    "member": {
        "class": "app\\modules\\general\\member\\MemberModule"
    },
    "mobile": {
        "class": "app\\modules\\general\\mobile\\MobileModule"
    },
    "upgrade": {
        "class": "app\\modules\\general\\upgrade\\UpgradeModule"
    },
    "live": {
        "class": "app\\modules\\live\\LiveModule"
    },
    "lottery": {
        "class": "app\\modules\\lottery\\LotteryModule"
    },
    "pay": {
        "class": "app\\modules\\pay\\PayModule"
    },
    "six": {
        "class": "app\\modules\\six\\SixModule"
    },
    "spsix": {
        "class": "app\\modules\\spsix\\SixModule"
    },
    "event": {
        "class": "app\\modules\\event\\EventModule"
    }
}